
Microsoft Visual Studio Solution File, Format Version 12.00
# Visual Studio Version 16
VisualStudioVersion = 16.0.32901.82
MinimumVisualStudioVersion = 10.0.40219.1
Project("{FAE04EC0-301F-11D3-BF4B-00C04F79EFBC}") = "task number four", "task number four\task number four.csproj", "{455A0F50-8F2E-4FEC-9BC8-A5F765883C2A}"
EndProject
Global
	GlobalSection(SolutionConfigurationPlatforms) = preSolution
		Debug|Any CPU = Debug|Any CPU
		Release|Any CPU = Release|Any CPU
	EndGlobalSection
	GlobalSection(ProjectConfigurationPlatforms) = postSolution
		{455A0F50-8F2E-4FEC-9BC8-A5F765883C2A}.Debug|Any CPU.ActiveCfg = Debug|Any CPU
		{455A0F50-8F2E-4FEC-9BC8-A5F765883C2A}.Debug|Any CPU.Build.0 = Debug|Any CPU
		{455A0F50-8F2E-4FEC-9BC8-A5F765883C2A}.Release|Any CPU.ActiveCfg = Release|Any CPU
		{455A0F50-8F2E-4FEC-9BC8-A5F765883C2A}.Release|Any CPU.Build.0 = Release|Any CPU
	EndGlobalSection
	GlobalSection(SolutionProperties) = preSolution
		HideSolutionNode = FALSE
	EndGlobalSection
	GlobalSection(ExtensibilityGlobals) = postSolution
		SolutionGuid = {7F6CB9B8-28B7-489A-86E0-3ECE4645E2F8}
	EndGlobalSection
EndGlobal
